// !$*UTF8*$!
{
	archiveVersion = 1;
	classes = {
	};
	objectVersion = 46;
	objects = {

/* Begin PBXBuildFile section */
		0D3D9D3C19471BDA00561197 /* Foundation.framework in Frameworks */ = {isa = PBXBuildFile; fileRef = 0D3D9D3B19471BDA00561197 /* Foundation.framework */; };
		0D3D9D4A19471BDA00561197 /* XCTest.framework in Frameworks */ = {isa = PBXBuildFile; fileRef = 0D3D9D4919471BDA00561197 /* XCTest.framework */; };
		0D3D9D4B19471BDA00561197 /* Foundation.framework in Frameworks */ = {isa = PBXBuildFile; fileRef = 0D3D9D3B19471BDA00561197 /* Foundation.framework */; };
		0D3D9D5019471BDA00561197 /* libWebsocketApi.a in Frameworks */ = {isa = PBXBuildFile; fileRef = 0D3D9D3819471BDA00561197 /* libWebsocketApi.a */; settings = {ATTRIBUTES = (Required, ); }; };
		0D3D9D5619471BDA00561197 /* InfoPlist.strings in Resources */ = {isa = PBXBuildFile; fileRef = 0D3D9D5419471BDA00561197 /* InfoPlist.strings */; };
		0D3D9D5819471BDB00561197 /* WebsocketApiTests.m in Sources */ = {isa = PBXBuildFile; fileRef = 0D3D9D5719471BDB00561197 /* WebsocketApiTests.m */; };
		0D3D9D6F19471C5E00561197 /* SockJSClient.m in Sources */ = {isa = PBXBuildFile; fileRef = 0D3D9D6619471C5E00561197 /* SockJSClient.m */; };
		0D3D9D7119471C5E00561197 /* Utils.m in Sources */ = {isa = PBXBuildFile; fileRef = 0D3D9D6A19471C5E00561197 /* Utils.m */; };
		0D3D9D7219471C5E00561197 /* WebsocketHandler.m in Sources */ = {isa = PBXBuildFile; fileRef = 0D3D9D6C19471C5E00561197 /* WebsocketHandler.m */; };
		0D3D9D7719471CE900561197 /* WebsocketApiTestHelper.m in Sources */ = {isa = PBXBuildFile; fileRef = 0D3D9D7519471CE900561197 /* WebsocketApiTestHelper.m */; };
		0D3D9D8F19483E1400561197 /* CFNetwork.framework in Frameworks */ = {isa = PBXBuildFile; fileRef = 0D3D9D8E19483E1400561197 /* CFNetwork.framework */; };
		0D3D9D9119483E5200561197 /* Security.framework in Frameworks */ = {isa = PBXBuildFile; fileRef = 0D3D9D9019483E5200561197 /* Security.framework */; };
		0D3D9D9319483E7200561197 /* libicucore.dylib in Frameworks */ = {isa = PBXBuildFile; fileRef = 0D3D9D9219483E7200561197 /* libicucore.dylib */; };
		0D3D9D9419483E8F00561197 /* SockJSClient.h in CopyFiles */ = {isa = PBXBuildFile; fileRef = 0D3D9D6519471C5E00561197 /* SockJSClient.h */; };
		0D3D9D9519483E8F00561197 /* Utils.h in CopyFiles */ = {isa = PBXBuildFile; fileRef = 0D3D9D6919471C5E00561197 /* Utils.h */; };
		0D3D9D9619483E8F00561197 /* WebsocketHandler.h in CopyFiles */ = {isa = PBXBuildFile; fileRef = 0D3D9D6B19471C5E00561197 /* WebsocketHandler.h */; };
		0D3D9D9C1948489700561197 /* libicucore.dylib in Frameworks */ = {isa = PBXBuildFile; fileRef = 0D3D9D9219483E7200561197 /* libicucore.dylib */; };
		0D3D9D9D1948489B00561197 /* CFNetwork.framework in Frameworks */ = {isa = PBXBuildFile; fileRef = 0D3D9D8E19483E1400561197 /* CFNetwork.framework */; };
		0D3D9D9E194848A400561197 /* Security.framework in Frameworks */ = {isa = PBXBuildFile; fileRef = 0D3D9D9019483E5200561197 /* Security.framework */; };
		0DB9DFDF195A764300CE89CD /* OHHTTPStubs+NSURLSessionConfiguration.m in Sources */ = {isa = PBXBuildFile; fileRef = 0DB9DFD6195A764300CE89CD /* OHHTTPStubs+NSURLSessionConfiguration.m */; };
		0DB9DFE0195A764300CE89CD /* OHHTTPStubs.m in Sources */ = {isa = PBXBuildFile; fileRef = 0DB9DFD8195A764300CE89CD /* OHHTTPStubs.m */; };
		0DB9DFE1195A764300CE89CD /* OHHTTPStubsResponse+HTTPMessage.m in Sources */ = {isa = PBXBuildFile; fileRef = 0DB9DFDA195A764300CE89CD /* OHHTTPStubsResponse+HTTPMessage.m */; };
		0DB9DFE2195A764300CE89CD /* OHHTTPStubsResponse+JSON.m in Sources */ = {isa = PBXBuildFile; fileRef = 0DB9DFDC195A764300CE89CD /* OHHTTPStubsResponse+JSON.m */; };
		0DB9DFE3195A764300CE89CD /* OHHTTPStubsResponse.m in Sources */ = {isa = PBXBuildFile; fileRef = 0DB9DFDE195A764300CE89CD /* OHHTTPStubsResponse.m */; };
		A61BB36C9121D5EF8228A6A2 /* Pods_WebsocketApi.framework in Frameworks */ = {isa = PBXBuildFile; fileRef = 78527D389E0D1F5E5BF06D33 /* Pods_WebsocketApi.framework */; };
		D57864A5AF1BD9128D9C3842 /* Pods_WebsocketApiTests.framework in Frameworks */ = {isa = PBXBuildFile; fileRef = 3807F3357F6AE0DF34692A9B /* Pods_WebsocketApiTests.framework */; };
/* End PBXBuildFile section */

/* Begin PBXContainerItemProxy section */
		0D3D9D4E19471BDA00561197 /* PBXContainerItemProxy */ = {
			isa = PBXContainerItemProxy;
			containerPortal = 0D3D9D3019471BDA00561197 /* Project object */;
			proxyType = 1;
			remoteGlobalIDString = 0D3D9D3719471BDA00561197;
			remoteInfo = WebsocketApi;
		};
/* End PBXContainerItemProxy section */

/* Begin PBXCopyFilesBuildPhase section */
		0D3D9D3619471BDA00561197 /* CopyFiles */ = {
			isa = PBXCopyFilesBuildPhase;
			buildActionMask = 2147483647;
			dstPath = "include/$(PRODUCT_NAME)";
			dstSubfolderSpec = 16;
			files = (
				0D3D9D9419483E8F00561197 /* SockJSClient.h in CopyFiles */,
				0D3D9D9519483E8F00561197 /* Utils.h in CopyFiles */,
				0D3D9D9619483E8F00561197 /* WebsocketHandler.h in CopyFiles */,
			);
			runOnlyForDeploymentPostprocessing = 0;
		};
/* End PBXCopyFilesBuildPhase section */

/* Begin PBXFileReference section */
		0D3D9D3819471BDA00561197 /* libWebsocketApi.a */ = {isa = PBXFileReference; explicitFileType = archive.ar; includeInIndex = 0; path = libWebsocketApi.a; sourceTree = BUILT_PRODUCTS_DIR; };
		0D3D9D3B19471BDA00561197 /* Foundation.framework */ = {isa = PBXFileReference; lastKnownFileType = wrapper.framework; name = Foundation.framework; path = System/Library/Frameworks/Foundation.framework; sourceTree = SDKROOT; };
		0D3D9D3F19471BDA00561197 /* WebsocketApi-Prefix.pch */ = {isa = PBXFileReference; lastKnownFileType = sourcecode.c.h; path = "WebsocketApi-Prefix.pch"; sourceTree = "<group>"; };
		0D3D9D4819471BDA00561197 /* WebsocketApiTests.xctest */ = {isa = PBXFileReference; explicitFileType = wrapper.cfbundle; includeInIndex = 0; path = WebsocketApiTests.xctest; sourceTree = BUILT_PRODUCTS_DIR; };
		0D3D9D4919471BDA00561197 /* XCTest.framework */ = {isa = PBXFileReference; lastKnownFileType = wrapper.framework; name = XCTest.framework; path = Library/Frameworks/XCTest.framework; sourceTree = DEVELOPER_DIR; };
		0D3D9D5319471BDA00561197 /* WebsocketApiTests-Info.plist */ = {isa = PBXFileReference; lastKnownFileType = text.plist.xml; path = "WebsocketApiTests-Info.plist"; sourceTree = "<group>"; };
		0D3D9D5519471BDA00561197 /* en */ = {isa = PBXFileReference; lastKnownFileType = text.plist.strings; name = en; path = en.lproj/InfoPlist.strings; sourceTree = "<group>"; };
		0D3D9D5719471BDB00561197 /* WebsocketApiTests.m */ = {isa = PBXFileReference; lastKnownFileType = sourcecode.c.objc; path = WebsocketApiTests.m; sourceTree = "<group>"; };
		0D3D9D6519471C5E00561197 /* SockJSClient.h */ = {isa = PBXFileReference; fileEncoding = 4; lastKnownFileType = sourcecode.c.h; path = SockJSClient.h; sourceTree = "<group>"; };
		0D3D9D6619471C5E00561197 /* SockJSClient.m */ = {isa = PBXFileReference; fileEncoding = 4; lastKnownFileType = sourcecode.c.objc; path = SockJSClient.m; sourceTree = "<group>"; };
		0D3D9D6919471C5E00561197 /* Utils.h */ = {isa = PBXFileReference; fileEncoding = 4; lastKnownFileType = sourcecode.c.h; path = Utils.h; sourceTree = "<group>"; };
		0D3D9D6A19471C5E00561197 /* Utils.m */ = {isa = PBXFileReference; fileEncoding = 4; lastKnownFileType = sourcecode.c.objc; path = Utils.m; sourceTree = "<group>"; };
		0D3D9D6B19471C5E00561197 /* WebsocketHandler.h */ = {isa = PBXFileReference; fileEncoding = 4; lastKnownFileType = sourcecode.c.h; path = WebsocketHandler.h; sourceTree = "<group>"; };
		0D3D9D6C19471C5E00561197 /* WebsocketHandler.m */ = {isa = PBXFileReference; fileEncoding = 4; lastKnownFileType = sourcecode.c.objc; path = WebsocketHandler.m; sourceTree = "<group>"; };
		0D3D9D7419471CE900561197 /* WebsocketApiTestHelper.h */ = {isa = PBXFileReference; fileEncoding = 4; lastKnownFileType = sourcecode.c.h; path = WebsocketApiTestHelper.h; sourceTree = "<group>"; };
		0D3D9D7519471CE900561197 /* WebsocketApiTestHelper.m */ = {isa = PBXFileReference; fileEncoding = 4; lastKnownFileType = sourcecode.c.objc; path = WebsocketApiTestHelper.m; sourceTree = "<group>"; };
		0D3D9D8E19483E1400561197 /* CFNetwork.framework */ = {isa = PBXFileReference; lastKnownFileType = wrapper.framework; name = CFNetwork.framework; path = System/Library/Frameworks/CFNetwork.framework; sourceTree = SDKROOT; };
		0D3D9D9019483E5200561197 /* Security.framework */ = {isa = PBXFileReference; lastKnownFileType = wrapper.framework; name = Security.framework; path = System/Library/Frameworks/Security.framework; sourceTree = SDKROOT; };
		0D3D9D9219483E7200561197 /* libicucore.dylib */ = {isa = PBXFileReference; lastKnownFileType = "compiled.mach-o.dylib"; name = libicucore.dylib; path = usr/lib/libicucore.dylib; sourceTree = SDKROOT; };
		0DB9DFD6195A764300CE89CD /* OHHTTPStubs+NSURLSessionConfiguration.m */ = {isa = PBXFileReference; fileEncoding = 4; lastKnownFileType = sourcecode.c.objc; path = "OHHTTPStubs+NSURLSessionConfiguration.m"; sourceTree = "<group>"; };
		0DB9DFD7195A764300CE89CD /* OHHTTPStubs.h */ = {isa = PBXFileReference; fileEncoding = 4; lastKnownFileType = sourcecode.c.h; path = OHHTTPStubs.h; sourceTree = "<group>"; };
		0DB9DFD8195A764300CE89CD /* OHHTTPStubs.m */ = {isa = PBXFileReference; fileEncoding = 4; lastKnownFileType = sourcecode.c.objc; path = OHHTTPStubs.m; sourceTree = "<group>"; };
		0DB9DFD9195A764300CE89CD /* OHHTTPStubsResponse+HTTPMessage.h */ = {isa = PBXFileReference; fileEncoding = 4; lastKnownFileType = sourcecode.c.h; path = "OHHTTPStubsResponse+HTTPMessage.h"; sourceTree = "<group>"; };
		0DB9DFDA195A764300CE89CD /* OHHTTPStubsResponse+HTTPMessage.m */ = {isa = PBXFileReference; fileEncoding = 4; lastKnownFileType = sourcecode.c.objc; path = "OHHTTPStubsResponse+HTTPMessage.m"; sourceTree = "<group>"; };
		0DB9DFDB195A764300CE89CD /* OHHTTPStubsResponse+JSON.h */ = {isa = PBXFileReference; fileEncoding = 4; lastKnownFileType = sourcecode.c.h; path = "OHHTTPStubsResponse+JSON.h"; sourceTree = "<group>"; };
		0DB9DFDC195A764300CE89CD /* OHHTTPStubsResponse+JSON.m */ = {isa = PBXFileReference; fileEncoding = 4; lastKnownFileType = sourcecode.c.objc; path = "OHHTTPStubsResponse+JSON.m"; sourceTree = "<group>"; };
		0DB9DFDD195A764300CE89CD /* OHHTTPStubsResponse.h */ = {isa = PBXFileReference; fileEncoding = 4; lastKnownFileType = sourcecode.c.h; path = OHHTTPStubsResponse.h; sourceTree = "<group>"; };
		0DB9DFDE195A764300CE89CD /* OHHTTPStubsResponse.m */ = {isa = PBXFileReference; fileEncoding = 4; lastKnownFileType = sourcecode.c.objc; path = OHHTTPStubsResponse.m; sourceTree = "<group>"; };
		3807F3357F6AE0DF34692A9B /* Pods_WebsocketApiTests.framework */ = {isa = PBXFileReference; explicitFileType = wrapper.framework; includeInIndex = 0; path = Pods_WebsocketApiTests.framework; sourceTree = BUILT_PRODUCTS_DIR; };
		71D8E65FC326BFBB35D0F379 /* Pods-WebsocketApi.debug.xcconfig */ = {isa = PBXFileReference; includeInIndex = 1; lastKnownFileType = text.xcconfig; name = "Pods-WebsocketApi.debug.xcconfig"; path = "Pods/Target Support Files/Pods-WebsocketApi/Pods-WebsocketApi.debug.xcconfig"; sourceTree = "<group>"; };
		78527D389E0D1F5E5BF06D33 /* Pods_WebsocketApi.framework */ = {isa = PBXFileReference; explicitFileType = wrapper.framework; includeInIndex = 0; path = Pods_WebsocketApi.framework; sourceTree = BUILT_PRODUCTS_DIR; };
		8A9EFD6A49A065EA719A8583 /* Pods-WebsocketApiTests.release.xcconfig */ = {isa = PBXFileReference; includeInIndex = 1; lastKnownFileType = text.xcconfig; name = "Pods-WebsocketApiTests.release.xcconfig"; path = "Pods/Target Support Files/Pods-WebsocketApiTests/Pods-WebsocketApiTests.release.xcconfig"; sourceTree = "<group>"; };
		BAF5132C7E403480C684965C /* Pods-WebsocketApiTests.debug.xcconfig */ = {isa = PBXFileReference; includeInIndex = 1; lastKnownFileType = text.xcconfig; name = "Pods-WebsocketApiTests.debug.xcconfig"; path = "Pods/Target Support Files/Pods-WebsocketApiTests/Pods-WebsocketApiTests.debug.xcconfig"; sourceTree = "<group>"; };
		BCA8C1E71CC125B259A35223 /* Pods-WebsocketApi.release.xcconfig */ = {isa = PBXFileReference; includeInIndex = 1; lastKnownFileType = text.xcconfig; name = "Pods-WebsocketApi.release.xcconfig"; path = "Pods/Target Support Files/Pods-WebsocketApi/Pods-WebsocketApi.release.xcconfig"; sourceTree = "<group>"; };
/* End PBXFileReference section */

/* Begin PBXFrameworksBuildPhase section */
		0D3D9D3519471BDA00561197 /* Frameworks */ = {
			isa = PBXFrameworksBuildPhase;
			buildActionMask = 2147483647;
			files = (
				0D3D9D9319483E7200561197 /* libicucore.dylib in Frameworks */,
				0D3D9D9119483E5200561197 /* Security.framework in Frameworks */,
				0D3D9D8F19483E1400561197 /* CFNetwork.framework in Frameworks */,
				0D3D9D3C19471BDA00561197 /* Foundation.framework in Frameworks */,
				A61BB36C9121D5EF8228A6A2 /* Pods_WebsocketApi.framework in Frameworks */,
			);
			runOnlyForDeploymentPostprocessing = 0;
		};
		0D3D9D4519471BDA00561197 /* Frameworks */ = {
			isa = PBXFrameworksBuildPhase;
			buildActionMask = 2147483647;
			files = (
				0D3D9D9E194848A400561197 /* Security.framework in Frameworks */,
				0D3D9D9D1948489B00561197 /* CFNetwork.framework in Frameworks */,
				0D3D9D9C1948489700561197 /* libicucore.dylib in Frameworks */,
				0D3D9D5019471BDA00561197 /* libWebsocketApi.a in Frameworks */,
				0D3D9D4A19471BDA00561197 /* XCTest.framework in Frameworks */,
				0D3D9D4B19471BDA00561197 /* Foundation.framework in Frameworks */,
				D57864A5AF1BD9128D9C3842 /* Pods_WebsocketApiTests.framework in Frameworks */,
			);
			runOnlyForDeploymentPostprocessing = 0;
		};
/* End PBXFrameworksBuildPhase section */

/* Begin PBXGroup section */
		0D3D9D2F19471BDA00561197 = {
			isa = PBXGroup;
			children = (
				0D3D9D3D19471BDA00561197 /* WebsocketApi */,
				0D3D9D5119471BDA00561197 /* WebsocketApiTests */,
				0D3D9D3A19471BDA00561197 /* Frameworks */,
				0D3D9D3919471BDA00561197 /* Products */,
				2B0254DE1847740C4D9D1D7A /* Pods */,
			);
			sourceTree = "<group>";
		};
		0D3D9D3919471BDA00561197 /* Products */ = {
			isa = PBXGroup;
			children = (
				0D3D9D3819471BDA00561197 /* libWebsocketApi.a */,
				0D3D9D4819471BDA00561197 /* WebsocketApiTests.xctest */,
			);
			name = Products;
			sourceTree = "<group>";
		};
		0D3D9D3A19471BDA00561197 /* Frameworks */ = {
			isa = PBXGroup;
			children = (
				0D3D9D9219483E7200561197 /* libicucore.dylib */,
				0D3D9D9019483E5200561197 /* Security.framework */,
				0D3D9D8E19483E1400561197 /* CFNetwork.framework */,
				0D3D9D3B19471BDA00561197 /* Foundation.framework */,
				0D3D9D4919471BDA00561197 /* XCTest.framework */,
				78527D389E0D1F5E5BF06D33 /* Pods_WebsocketApi.framework */,
				3807F3357F6AE0DF34692A9B /* Pods_WebsocketApiTests.framework */,
			);
			name = Frameworks;
			sourceTree = "<group>";
		};
		0D3D9D3D19471BDA00561197 /* WebsocketApi */ = {
			isa = PBXGroup;
			children = (
				0D3D9D6519471C5E00561197 /* SockJSClient.h */,
				0D3D9D6619471C5E00561197 /* SockJSClient.m */,
				0D3D9D6919471C5E00561197 /* Utils.h */,
				0D3D9D6A19471C5E00561197 /* Utils.m */,
				0D3D9D6B19471C5E00561197 /* WebsocketHandler.h */,
				0D3D9D6C19471C5E00561197 /* WebsocketHandler.m */,
				0D3D9D3E19471BDA00561197 /* Supporting Files */,
			);
			path = WebsocketApi;
			sourceTree = "<group>";
		};
		0D3D9D3E19471BDA00561197 /* Supporting Files */ = {
			isa = PBXGroup;
			children = (
				0D3D9D3F19471BDA00561197 /* WebsocketApi-Prefix.pch */,
			);
			name = "Supporting Files";
			sourceTree = "<group>";
		};
		0D3D9D5119471BDA00561197 /* WebsocketApiTests */ = {
			isa = PBXGroup;
			children = (
				0DB9DFD5195A764300CE89CD /* OHHTTP */,
				0D3D9D7419471CE900561197 /* WebsocketApiTestHelper.h */,
				0D3D9D7519471CE900561197 /* WebsocketApiTestHelper.m */,
				0D3D9D5719471BDB00561197 /* WebsocketApiTests.m */,
				0D3D9D5219471BDA00561197 /* Supporting Files */,
			);
			path = WebsocketApiTests;
			sourceTree = "<group>";
		};
		0D3D9D5219471BDA00561197 /* Supporting Files */ = {
			isa = PBXGroup;
			children = (
				0D3D9D5319471BDA00561197 /* WebsocketApiTests-Info.plist */,
				0D3D9D5419471BDA00561197 /* InfoPlist.strings */,
			);
			name = "Supporting Files";
			sourceTree = "<group>";
		};
		0DB9DFD5195A764300CE89CD /* OHHTTP */ = {
			isa = PBXGroup;
			children = (
				0DB9DFD6195A764300CE89CD /* OHHTTPStubs+NSURLSessionConfiguration.m */,
				0DB9DFD7195A764300CE89CD /* OHHTTPStubs.h */,
				0DB9DFD8195A764300CE89CD /* OHHTTPStubs.m */,
				0DB9DFD9195A764300CE89CD /* OHHTTPStubsResponse+HTTPMessage.h */,
				0DB9DFDA195A764300CE89CD /* OHHTTPStubsResponse+HTTPMessage.m */,
				0DB9DFDB195A764300CE89CD /* OHHTTPStubsResponse+JSON.h */,
				0DB9DFDC195A764300CE89CD /* OHHTTPStubsResponse+JSON.m */,
				0DB9DFDD195A764300CE89CD /* OHHTTPStubsResponse.h */,
				0DB9DFDE195A764300CE89CD /* OHHTTPStubsResponse.m */,
			);
			path = OHHTTP;
			sourceTree = "<group>";
		};
		2B0254DE1847740C4D9D1D7A /* Pods */ = {
			isa = PBXGroup;
			children = (
				71D8E65FC326BFBB35D0F379 /* Pods-WebsocketApi.debug.xcconfig */,
				BCA8C1E71CC125B259A35223 /* Pods-WebsocketApi.release.xcconfig */,
				BAF5132C7E403480C684965C /* Pods-WebsocketApiTests.debug.xcconfig */,
				8A9EFD6A49A065EA719A8583 /* Pods-WebsocketApiTests.release.xcconfig */,
			);
			name = Pods;
			sourceTree = "<group>";
		};
/* End PBXGroup section */

/* Begin PBXNativeTarget section */
		0D3D9D3719471BDA00561197 /* WebsocketApi */ = {
			isa = PBXNativeTarget;
			buildConfigurationList = 0D3D9D5B19471BDB00561197 /* Build configuration list for PBXNativeTarget "WebsocketApi" */;
			buildPhases = (
				086CC8C31E1C3E9F0BEE8E9E /* [CP] Check Pods Manifest.lock */,
				0D3D9D3419471BDA00561197 /* Sources */,
				0D3D9D3519471BDA00561197 /* Frameworks */,
				0D3D9D3619471BDA00561197 /* CopyFiles */,
				74B2C29E59AA4304CB8F4984 /* [CP] Copy Pods Resources */,
			);
			buildRules = (
			);
			dependencies = (
			);
			name = WebsocketApi;
			productName = WebsocketApi;
			productReference = 0D3D9D3819471BDA00561197 /* libWebsocketApi.a */;
			productType = "com.apple.product-type.library.static";
		};
		0D3D9D4719471BDA00561197 /* WebsocketApiTests */ = {
			isa = PBXNativeTarget;
			buildConfigurationList = 0D3D9D5E19471BDB00561197 /* Build configuration list for PBXNativeTarget "WebsocketApiTests" */;
			buildPhases = (
				2F7DE00F2791AA8CA57BBCEA /* [CP] Check Pods Manifest.lock */,
				0D3D9D4419471BDA00561197 /* Sources */,
				0D3D9D4519471BDA00561197 /* Frameworks */,
				0D3D9D4619471BDA00561197 /* Resources */,
				394C66A3C3C14DA160ECF82B /* [CP] Embed Pods Frameworks */,
				D2E8648AEB323B6416ED3A87 /* [CP] Copy Pods Resources */,
			);
			buildRules = (
			);
			dependencies = (
				0D3D9D4F19471BDA00561197 /* PBXTargetDependency */,
			);
			name = WebsocketApiTests;
			productName = WebsocketApiTests;
			productReference = 0D3D9D4819471BDA00561197 /* WebsocketApiTests.xctest */;
			productType = "com.apple.product-type.bundle.unit-test";
		};
/* End PBXNativeTarget section */

/* Begin PBXProject section */
		0D3D9D3019471BDA00561197 /* Project object */ = {
			isa = PBXProject;
			attributes = {
				LastUpgradeCheck = 0730;
				ORGANIZATIONNAME = ubicast;
			};
			buildConfigurationList = 0D3D9D3319471BDA00561197 /* Build configuration list for PBXProject "WebsocketApi" */;
			compatibilityVersion = "Xcode 3.2";
			developmentRegion = English;
			hasScannedForEncodings = 0;
			knownRegions = (
				en,
			);
			mainGroup = 0D3D9D2F19471BDA00561197;
			productRefGroup = 0D3D9D3919471BDA00561197 /* Products */;
			projectDirPath = "";
			projectRoot = "";
			targets = (
				0D3D9D3719471BDA00561197 /* WebsocketApi */,
				0D3D9D4719471BDA00561197 /* WebsocketApiTests */,
			);
		};
/* End PBXProject section */

/* Begin PBXResourcesBuildPhase section */
		0D3D9D4619471BDA00561197 /* Resources */ = {
			isa = PBXResourcesBuildPhase;
			buildActionMask = 2147483647;
			files = (
				0D3D9D5619471BDA00561197 /* InfoPlist.strings in Resources */,
			);
			runOnlyForDeploymentPostprocessing = 0;
		};
/* End PBXResourcesBuildPhase section */

/* Begin PBXShellScriptBuildPhase section */
		086CC8C31E1C3E9F0BEE8E9E /* [CP] Check Pods Manifest.lock */ = {
			isa = PBXShellScriptBuildPhase;
			buildActionMask = 2147483647;
			files = (
			);
			inputPaths = (
			);
			name = "[CP] Check Pods Manifest.lock";
			outputPaths = (
			);
			runOnlyForDeploymentPostprocessing = 0;
			shellPath = /bin/sh;
			shellScript = "diff \"${PODS_ROOT}/../Podfile.lock\" \"${PODS_ROOT}/Manifest.lock\" > /dev/null\nif [ $? != 0 ] ; then\n    # print error to STDERR\n    echo \"error: The sandbox is not in sync with the Podfile.lock. Run 'pod install' or update your CocoaPods installation.\" >&2\n    exit 1\nfi\n";
			showEnvVarsInLog = 0;
		};
		2F7DE00F2791AA8CA57BBCEA /* [CP] Check Pods Manifest.lock */ = {
			isa = PBXShellScriptBuildPhase;
			buildActionMask = 2147483647;
			files = (
			);
			inputPaths = (
			);
			name = "[CP] Check Pods Manifest.lock";
			outputPaths = (
			);
			runOnlyForDeploymentPostprocessing = 0;
			shellPath = /bin/sh;
			shellScript = "diff \"${PODS_ROOT}/../Podfile.lock\" \"${PODS_ROOT}/Manifest.lock\" > /dev/null\nif [ $? != 0 ] ; then\n    # print error to STDERR\n    echo \"error: The sandbox is not in sync with the Podfile.lock. Run 'pod install' or update your CocoaPods installation.\" >&2\n    exit 1\nfi\n";
			showEnvVarsInLog = 0;
		};
		394C66A3C3C14DA160ECF82B /* [CP] Embed Pods Frameworks */ = {
			isa = PBXShellScriptBuildPhase;
			buildActionMask = 2147483647;
			files = (
			);
			inputPaths = (
			);
			name = "[CP] Embed Pods Frameworks";
			outputPaths = (
			);
			runOnlyForDeploymentPostprocessing = 0;
			shellPath = /bin/sh;
			shellScript = "\"${SRCROOT}/Pods/Target Support Files/Pods-WebsocketApiTests/Pods-WebsocketApiTests-frameworks.sh\"\n";
			showEnvVarsInLog = 0;
		};
		74B2C29E59AA4304CB8F4984 /* [CP] Copy Pods Resources */ = {
			isa = PBXShellScriptBuildPhase;
			buildActionMask = 2147483647;
			files = (
			);
			inputPaths = (
			);
			name = "[CP] Copy Pods Resources";
			outputPaths = (
			);
			runOnlyForDeploymentPostprocessing = 0;
			shellPath = /bin/sh;
			shellScript = "\"${SRCROOT}/Pods/Target Support Files/Pods-WebsocketApi/Pods-WebsocketApi-resources.sh\"\n";
			showEnvVarsInLog = 0;
		};
		D2E8648AEB323B6416ED3A87 /* [CP] Copy Pods Resources */ = {
			isa = PBXShellScriptBuildPhase;
			buildActionMask = 2147483647;
			files = (
			);
			inputPaths = (
			);
			name = "[CP] Copy Pods Resources";
			outputPaths = (
			);
			runOnlyForDeploymentPostprocessing = 0;
			shellPath = /bin/sh;
			shellScript = "\"${SRCROOT}/Pods/Target Support Files/Pods-WebsocketApiTests/Pods-WebsocketApiTests-resources.sh\"\n";
			showEnvVarsInLog = 0;
		};
/* End PBXShellScriptBuildPhase section */

/* Begin PBXSourcesBuildPhase section */
		0D3D9D3419471BDA00561197 /* Sources */ = {
			isa = PBXSourcesBuildPhase;
			buildActionMask = 2147483647;
			files = (
				0D3D9D7219471C5E00561197 /* WebsocketHandler.m in Sources */,
				0D3D9D7119471C5E00561197 /* Utils.m in Sources */,
				0D3D9D6F19471C5E00561197 /* SockJSClient.m in Sources */,
			);
			runOnlyForDeploymentPostprocessing = 0;
		};
		0D3D9D4419471BDA00561197 /* Sources */ = {
			isa = PBXSourcesBuildPhase;
			buildActionMask = 2147483647;
			files = (
				0DB9DFE1195A764300CE89CD /* OHHTTPStubsResponse+HTTPMessage.m in Sources */,
				0DB9DFE2195A764300CE89CD /* OHHTTPStubsResponse+JSON.m in Sources */,
				0DB9DFE3195A764300CE89CD /* OHHTTPStubsResponse.m in Sources */,
				0DB9DFE0195A764300CE89CD /* OHHTTPStubs.m in Sources */,
				0D3D9D7719471CE900561197 /* WebsocketApiTestHelper.m in Sources */,
				0D3D9D5819471BDB00561197 /* WebsocketApiTests.m in Sources */,
				0DB9DFDF195A764300CE89CD /* OHHTTPStubs+NSURLSessionConfiguration.m in Sources */,
			);
			runOnlyForDeploymentPostprocessing = 0;
		};
/* End PBXSourcesBuildPhase section */

/* Begin PBXTargetDependency section */
		0D3D9D4F19471BDA00561197 /* PBXTargetDependency */ = {
			isa = PBXTargetDependency;
			target = 0D3D9D3719471BDA00561197 /* WebsocketApi */;
			targetProxy = 0D3D9D4E19471BDA00561197 /* PBXContainerItemProxy */;
		};
/* End PBXTargetDependency section */

/* Begin PBXVariantGroup section */
		0D3D9D5419471BDA00561197 /* InfoPlist.strings */ = {
			isa = PBXVariantGroup;
			children = (
				0D3D9D5519471BDA00561197 /* en */,
			);
			name = InfoPlist.strings;
			sourceTree = "<group>";
		};
/* End PBXVariantGroup section */

/* Begin XCBuildConfiguration section */
		0D3D9D5919471BDB00561197 /* Debug */ = {
			isa = XCBuildConfiguration;
			buildSettings = {
				ALWAYS_SEARCH_USER_PATHS = NO;
				CLANG_CXX_LANGUAGE_STANDARD = "gnu++0x";
				CLANG_CXX_LIBRARY = "libc++";
				CLANG_ENABLE_MODULES = YES;
				CLANG_ENABLE_OBJC_ARC = YES;
				CLANG_WARN_BOOL_CONVERSION = YES;
				CLANG_WARN_CONSTANT_CONVERSION = YES;
				CLANG_WARN_DIRECT_OBJC_ISA_USAGE = YES_ERROR;
				CLANG_WARN_EMPTY_BODY = YES;
				CLANG_WARN_ENUM_CONVERSION = YES;
				CLANG_WARN_INT_CONVERSION = YES;
				CLANG_WARN_OBJC_ROOT_CLASS = YES_ERROR;
				CLANG_WARN__DUPLICATE_METHOD_MATCH = YES;
				COPY_PHASE_STRIP = NO;
				ENABLE_TESTABILITY = YES;
				GCC_C_LANGUAGE_STANDARD = gnu99;
				GCC_DYNAMIC_NO_PIC = NO;
				GCC_OPTIMIZATION_LEVEL = 0;
				GCC_PREPROCESSOR_DEFINITIONS = (
					"DEBUG=1",
					"$(inherited)",
				);
				GCC_SYMBOLS_PRIVATE_EXTERN = NO;
				GCC_WARN_64_TO_32_BIT_CONVERSION = YES;
				GCC_WARN_ABOUT_RETURN_TYPE = YES_ERROR;
				GCC_WARN_UNDECLARED_SELECTOR = YES;
				GCC_WARN_UNINITIALIZED_AUTOS = YES_AGGRESSIVE;
				GCC_WARN_UNUSED_FUNCTION = YES;
				GCC_WARN_UNUSED_VARIABLE = YES;
				IPHONEOS_DEPLOYMENT_TARGET = 10.2;
				ONLY_ACTIVE_ARCH = YES;
				SDKROOT = iphoneos;
			};
			name = Debug;
		};
		0D3D9D5A19471BDB00561197 /* Release */ = {
			isa = XCBuildConfiguration;
			buildSettings = {
				ALWAYS_SEARCH_USER_PATHS = NO;
				CLANG_CXX_LANGUAGE_STANDARD = "gnu++0x";
				CLANG_CXX_LIBRARY = "libc++";
				CLANG_ENABLE_MODULES = YES;
				CLANG_ENABLE_OBJC_ARC = YES;
				CLANG_WARN_BOOL_CONVERSION = YES;
				CLANG_WARN_CONSTANT_CONVERSION = YES;
				CLANG_WARN_DIRECT_OBJC_ISA_USAGE = YES_ERROR;
				CLANG_WARN_EMPTY_BODY = YES;
				CLANG_WARN_ENUM_CONVERSION = YES;
				CLANG_WARN_INT_CONVERSION = YES;
				CLANG_WARN_OBJC_ROOT_CLASS = YES_ERROR;
				CLANG_WARN__DUPLICATE_METHOD_MATCH = YES;
				COPY_PHASE_STRIP = YES;
				ENABLE_NS_ASSERTIONS = NO;
				GCC_C_LANGUAGE_STANDARD = gnu99;
				GCC_WARN_64_TO_32_BIT_CONVERSION = YES;
				GCC_WARN_ABOUT_RETURN_TYPE = YES_ERROR;
				GCC_WARN_UNDECLARED_SELECTOR = YES;
				GCC_WARN_UNINITIALIZED_AUTOS = YES_AGGRESSIVE;
				GCC_WARN_UNUSED_FUNCTION = YES;
				GCC_WARN_UNUSED_VARIABLE = YES;
				IPHONEOS_DEPLOYMENT_TARGET = 10.2;
				SDKROOT = iphoneos;
				VALIDATE_PRODUCT = YES;
			};
			name = Release;
		};
		0D3D9D5C19471BDB00561197 /* Debug */ = {
			isa = XCBuildConfiguration;
			baseConfigurationReference = 71D8E65FC326BFBB35D0F379 /* Pods-WebsocketApi.debug.xcconfig */;
			buildSettings = {
				CLANG_ENABLE_MODULES = YES;
				DSTROOT = /tmp/WebsocketApi.dst;
				GCC_PRECOMPILE_PREFIX_HEADER = YES;
				GCC_PREFIX_HEADER = "WebsocketApi/WebsocketApi-Prefix.pch";
				LD_RUNPATH_SEARCH_PATHS = "$(inherited) @executable_path/Frameworks @loader_path/Frameworks";
				OTHER_LDFLAGS = (
					"-ObjC",
					"-all_load",
				);
				PRODUCT_NAME = "$(TARGET_NAME)";
				SKIP_INSTALL = YES;
				SWIFT_OBJC_BRIDGING_HEADER = "WebsocketApi/WebsocketApi-Bridging-Header.h";
				SWIFT_OPTIMIZATION_LEVEL = "-Onone";
			};
			name = Debug;
		};
		0D3D9D5D19471BDB00561197 /* Release */ = {
			isa = XCBuildConfiguration;
			baseConfigurationReference = BCA8C1E71CC125B259A35223 /* Pods-WebsocketApi.release.xcconfig */;
			buildSettings = {
				CLANG_ENABLE_MODULES = YES;
				DSTROOT = /tmp/WebsocketApi.dst;
				GCC_PRECOMPILE_PREFIX_HEADER = YES;
				GCC_PREFIX_HEADER = "WebsocketApi/WebsocketApi-Prefix.pch";
				LD_RUNPATH_SEARCH_PATHS = "$(inherited) @executable_path/Frameworks @loader_path/Frameworks";
				OTHER_LDFLAGS = (
					"-ObjC",
					"-all_load",
				);
				PRODUCT_NAME = "$(TARGET_NAME)";
				SKIP_INSTALL = YES;
				SWIFT_OBJC_BRIDGING_HEADER = "WebsocketApi/WebsocketApi-Bridging-Header.h";
			};
			name = Release;
		};
		0D3D9D5F19471BDB00561197 /* Debug */ = {
			isa = XCBuildConfiguration;
			baseConfigurationReference = BAF5132C7E403480C684965C /* Pods-WebsocketApiTests.debug.xcconfig */;
			buildSettings = {
				FRAMEWORK_SEARCH_PATHS = (
					"$(SDKROOT)/Developer/Library/Frameworks",
					"$(inherited)",
					"$(DEVELOPER_FRAMEWORKS_DIR)",
				);
				GCC_PRECOMPILE_PREFIX_HEADER = YES;
				GCC_PREFIX_HEADER = "WebsocketApi/WebsocketApi-Prefix.pch";
				GCC_PREPROCESSOR_DEFINITIONS = (
					"DEBUG=1",
					"$(inherited)",
				);
				INFOPLIST_FILE = "WebsocketApiTests/WebsocketApiTests-Info.plist";
				OTHER_LDFLAGS = (
					"$(inherited)",
					"-framework",
					XCTest,
					"-all_load",
				);
				PRODUCT_BUNDLE_IDENTIFIER = "com.ubicast.${PRODUCT_NAME:rfc1034identifier}";
				PRODUCT_NAME = "$(TARGET_NAME)";
				WRAPPER_EXTENSION = xctest;
			};
			name = Debug;
		};
		0D3D9D6019471BDB00561197 /* Release */ = {
			isa = XCBuildConfiguration;
			baseConfigurationReference = 8A9EFD6A49A065EA719A8583 /* Pods-WebsocketApiTests.release.xcconfig */;
			buildSettings = {
				FRAMEWORK_SEARCH_PATHS = (
					"$(SDKROOT)/Developer/Library/Frameworks",
					"$(inherited)",
					"$(DEVELOPER_FRAMEWORKS_DIR)",
				);
				GCC_PRECOMPILE_PREFIX_HEADER = YES;
				GCC_PREFIX_HEADER = "WebsocketApi/WebsocketApi-Prefix.pch";
				INFOPLIST_FILE = "WebsocketApiTests/WebsocketApiTests-Info.plist";
				OTHER_LDFLAGS = (
					"$(inherited)",
					"-framework",
					XCTest,
					"-all_load",
				);
				PRODUCT_BUNDLE_IDENTIFIER = "com.ubicast.${PRODUCT_NAME:rfc1034identifier}";
				PRODUCT_NAME = "$(TARGET_NAME)";
				WRAPPER_EXTENSION = xctest;
			};
			name = Release;
		};
/* End XCBuildConfiguration section */

/* Begin XCConfigurationList section */
		0D3D9D3319471BDA00561197 /* Build configuration list for PBXProject "WebsocketApi" */ = {
			isa = XCConfigurationList;
			buildConfigurations = (
				0D3D9D5919471BDB00561197 /* Debug */,
				0D3D9D5A19471BDB00561197 /* Release */,
			);
			defaultConfigurationIsVisible = 0;
			defaultConfigurationName = Release;
		};
		0D3D9D5B19471BDB00561197 /* Build configuration list for PBXNativeTarget "WebsocketApi" */ = {
			isa = XCConfigurationList;
			buildConfigurations = (
				0D3D9D5C19471BDB00561197 /* Debug */,
				0D3D9D5D19471BDB00561197 /* Release */,
			);
			defaultConfigurationIsVisible = 0;
			defaultConfigurationName = Release;
		};
		0D3D9D5E19471BDB00561197 /* Build configuration list for PBXNativeTarget "WebsocketApiTests" */ = {
			isa = XCConfigurationList;
			buildConfigurations = (
				0D3D9D5F19471BDB00561197 /* Debug */,
				0D3D9D6019471BDB00561197 /* Release */,
			);
			defaultConfigurationIsVisible = 0;
			defaultConfigurationName = Release;
		};
/* End XCConfigurationList section */
	};
	rootObject = 0D3D9D3019471BDA00561197 /* Project object */;
}
